
Microsoft Visual Studio Solution File, Format Version 12.00
# Visual Studio Version 16
VisualStudioVersion = 16.0.30907.101
MinimumVisualStudioVersion = 10.0.40219.1
Project("{8BC9CEB8-8B4A-11D0-8D11-00A0C91BC942}") = "class-work", "class-work\class-work.vcxproj", "{9C27DE15-1D3E-44C7-95E2-FA21ED05E8A6}"
EndProject
Global
	GlobalSection(SolutionConfigurationPlatforms) = preSolution
		Debug|x64 = Debug|x64
		Debug|x86 = Debug|x86
		Release|x64 = Release|x64
		Release|x86 = Release|x86
	EndGlobalSection
	GlobalSection(ProjectConfigurationPlatforms) = postSolution
		{9C27DE15-1D3E-44C7-95E2-FA21ED05E8A6}.Debug|x64.ActiveCfg = Debug|x64
		{9C27DE15-1D3E-44C7-95E2-FA21ED05E8A6}.Debug|x64.Build.0 = Debug|x64
		{9C27DE15-1D3E-44C7-95E2-FA21ED05E8A6}.Debug|x86.ActiveCfg = Debug|Win32
		{9C27DE15-1D3E-44C7-95E2-FA21ED05E8A6}.Debug|x86.Build.0 = Debug|Win32
		{9C27DE15-1D3E-44C7-95E2-FA21ED05E8A6}.Release|x64.ActiveCfg = Release|x64
		{9C27DE15-1D3E-44C7-95E2-FA21ED05E8A6}.Release|x64.Build.0 = Release|x64
		{9C27DE15-1D3E-44C7-95E2-FA21ED05E8A6}.Release|x86.ActiveCfg = Release|Win32
		{9C27DE15-1D3E-44C7-95E2-FA21ED05E8A6}.Release|x86.Build.0 = Release|Win32
	EndGlobalSection
	GlobalSection(SolutionProperties) = preSolution
		HideSolutionNode = FALSE
	EndGlobalSection
	GlobalSection(ExtensibilityGlobals) = postSolution
		SolutionGuid = {295A78E3-5095-46E0-BC42-3C1A7C95D0B0}
	EndGlobalSection
EndGlobal
